
Microsoft Visual Studio Solution File, Format Version 12.00
# Visual Studio Version 17
VisualStudioVersion = 17.14.36603.0
MinimumVisualStudioVersion = 10.0.40219.1
Project("{2150E333-8FDC-42A3-9474-1A3956D46DE8}") = "Task0", "Task0", "{02EA681E-C7D8-13C7-8484-4AC65E1B71E8}"
EndProject
Project("{FAE04EC0-301F-11D3-BF4B-00C04F79EFBC}") = "Tyuiu.AymurzinaJV.Sprint6.Task0.V7.Lib", "Tyuiu.AymurzinaJV.Sprint6.Task0.V7.Lib\Tyuiu.AymurzinaJV.Sprint6.Task0.V7.Lib.csproj", "{D7AFAA8F-6156-4439-A5E7-049BF4ECFC2D}"
EndProject
Project("{FAE04EC0-301F-11D3-BF4B-00C04F79EFBC}") = "Tyuiu.AymurzinaJV.Sprint6.Task0.V7.Test", "Tyuiu.AymurzinaJV.Sprint6.Task0.V7.Test\Tyuiu.AymurzinaJV.Sprint6.Task0.V7.Test.csproj", "{314F9868-AFE2-4177-9441-F9E2FEFBBE7B}"
EndProject
Project("{FAE04EC0-301F-11D3-BF4B-00C04F79EFBC}") = "Tyuiu.AymurzinaJV.Sprint6.Task0.V7", "Tyuiu.AymurzinaJV.Sprint6.Task0.V7\Tyuiu.AymurzinaJV.Sprint6.Task0.V7.csproj", "{BE8BD0FF-CDCD-4EF2-882D-6824F5F2B875}"
EndProject
Project("{2150E333-8FDC-42A3-9474-1A3956D46DE8}") = "Task1", "Task1", "{C25467AF-CE5E-4565-95ED-62F37D0747DC}"
EndProject
Project("{FAE04EC0-301F-11D3-BF4B-00C04F79EFBC}") = "Tyuiu.AymurzinaJV.Sprint6.Task1.V17.Lib", "Tyuiu.AymurzinaJV.Sprint6.Task1.V17.Lib\Tyuiu.AymurzinaJV.Sprint6.Task1.V17.Lib.csproj", "{E75D634A-1E5F-40D9-8C2F-960B0E83FD11}"
EndProject
Project("{FAE04EC0-301F-11D3-BF4B-00C04F79EFBC}") = "Tyuiu.AymurzinaJV.Sprint6.Task1.V17.Test", "Tyuiu.AymurzinaJV.Sprint6.Task1.V17.Test\Tyuiu.AymurzinaJV.Sprint6.Task1.V17.Test.csproj", "{6C527D4C-FC87-4A4E-959F-8222DDE89BFF}"
EndProject
Project("{FAE04EC0-301F-11D3-BF4B-00C04F79EFBC}") = "Tyuiu.AymurzinaJV.Sprint6.Task1.V17", "Tyuiu.AymurzinaJV.Sprint6.Task1.V17\Tyuiu.AymurzinaJV.Sprint6.Task1.V17.csproj", "{780E571A-0192-42A4-A538-12FABA7759AB}"
EndProject
Global
	GlobalSection(SolutionConfigurationPlatforms) = preSolution
		Debug|Any CPU = Debug|Any CPU
		Release|Any CPU = Release|Any CPU
	EndGlobalSection
	GlobalSection(ProjectConfigurationPlatforms) = postSolution
		{D7AFAA8F-6156-4439-A5E7-049BF4ECFC2D}.Debug|Any CPU.ActiveCfg = Debug|Any CPU
		{D7AFAA8F-6156-4439-A5E7-049BF4ECFC2D}.Debug|Any CPU.Build.0 = Debug|Any CPU
		{D7AFAA8F-6156-4439-A5E7-049BF4ECFC2D}.Release|Any CPU.ActiveCfg = Release|Any CPU
		{D7AFAA8F-6156-4439-A5E7-049BF4ECFC2D}.Release|Any CPU.Build.0 = Release|Any CPU
		{314F9868-AFE2-4177-9441-F9E2FEFBBE7B}.Debug|Any CPU.ActiveCfg = Debug|Any CPU
		{314F9868-AFE2-4177-9441-F9E2FEFBBE7B}.Debug|Any CPU.Build.0 = Debug|Any CPU
		{314F9868-AFE2-4177-9441-F9E2FEFBBE7B}.Release|Any CPU.ActiveCfg = Release|Any CPU
		{314F9868-AFE2-4177-9441-F9E2FEFBBE7B}.Release|Any CPU.Build.0 = Release|Any CPU
		{BE8BD0FF-CDCD-4EF2-882D-6824F5F2B875}.Debug|Any CPU.ActiveCfg = Debug|Any CPU
		{BE8BD0FF-CDCD-4EF2-882D-6824F5F2B875}.Debug|Any CPU.Build.0 = Debug|Any CPU
		{BE8BD0FF-CDCD-4EF2-882D-6824F5F2B875}.Release|Any CPU.ActiveCfg = Release|Any CPU
		{BE8BD0FF-CDCD-4EF2-882D-6824F5F2B875}.Release|Any CPU.Build.0 = Release|Any CPU
		{E75D634A-1E5F-40D9-8C2F-960B0E83FD11}.Debug|Any CPU.ActiveCfg = Debug|Any CPU
		{E75D634A-1E5F-40D9-8C2F-960B0E83FD11}.Debug|Any CPU.Build.0 = Debug|Any CPU
		{E75D634A-1E5F-40D9-8C2F-960B0E83FD11}.Release|Any CPU.ActiveCfg = Release|Any CPU
		{E75D634A-1E5F-40D9-8C2F-960B0E83FD11}.Release|Any CPU.Build.0 = Release|Any CPU
		{6C527D4C-FC87-4A4E-959F-8222DDE89BFF}.Debug|Any CPU.ActiveCfg = Debug|Any CPU
		{6C527D4C-FC87-4A4E-959F-8222DDE89BFF}.Debug|Any CPU.Build.0 = Debug|Any CPU
		{6C527D4C-FC87-4A4E-959F-8222DDE89BFF}.Release|Any CPU.ActiveCfg = Release|Any CPU
		{6C527D4C-FC87-4A4E-959F-8222DDE89BFF}.Release|Any CPU.Build.0 = Release|Any CPU
		{780E571A-0192-42A4-A538-12FABA7759AB}.Debug|Any CPU.ActiveCfg = Debug|Any CPU
		{780E571A-0192-42A4-A538-12FABA7759AB}.Debug|Any CPU.Build.0 = Debug|Any CPU
		{780E571A-0192-42A4-A538-12FABA7759AB}.Release|Any CPU.ActiveCfg = Release|Any CPU
		{780E571A-0192-42A4-A538-12FABA7759AB}.Release|Any CPU.Build.0 = Release|Any CPU
	EndGlobalSection
	GlobalSection(SolutionProperties) = preSolution
		HideSolutionNode = FALSE
	EndGlobalSection
	GlobalSection(NestedProjects) = preSolution
		{D7AFAA8F-6156-4439-A5E7-049BF4ECFC2D} = {02EA681E-C7D8-13C7-8484-4AC65E1B71E8}
		{314F9868-AFE2-4177-9441-F9E2FEFBBE7B} = {02EA681E-C7D8-13C7-8484-4AC65E1B71E8}
		{BE8BD0FF-CDCD-4EF2-882D-6824F5F2B875} = {02EA681E-C7D8-13C7-8484-4AC65E1B71E8}
		{E75D634A-1E5F-40D9-8C2F-960B0E83FD11} = {C25467AF-CE5E-4565-95ED-62F37D0747DC}
		{6C527D4C-FC87-4A4E-959F-8222DDE89BFF} = {C25467AF-CE5E-4565-95ED-62F37D0747DC}
		{780E571A-0192-42A4-A538-12FABA7759AB} = {C25467AF-CE5E-4565-95ED-62F37D0747DC}
	EndGlobalSection
	GlobalSection(ExtensibilityGlobals) = postSolution
		SolutionGuid = {4EC8072C-2232-4B49-A096-3E38B17523C7}
	EndGlobalSection
EndGlobal
