
Microsoft Visual Studio Solution File, Format Version 12.00
# Visual Studio Version 17
VisualStudioVersion = 17.14.36603.0
MinimumVisualStudioVersion = 10.0.40219.1
Project("{2150E333-8FDC-42A3-9474-1A3956D46DE8}") = "Task0", "Task0", "{02EA681E-C7D8-13C7-8484-4AC65E1B71E8}"
EndProject
Project("{FAE04EC0-301F-11D3-BF4B-00C04F79EFBC}") = "Tyuiu.AymurzinaJV.Sprint6.Task0.V7.Lib", "Tyuiu.AymurzinaJV.Sprint6.Task0.V7.Lib\Tyuiu.AymurzinaJV.Sprint6.Task0.V7.Lib.csproj", "{D7AFAA8F-6156-4439-A5E7-049BF4ECFC2D}"
EndProject
Project("{FAE04EC0-301F-11D3-BF4B-00C04F79EFBC}") = "Tyuiu.AymurzinaJV.Sprint6.Task0.V7.Test", "Tyuiu.AymurzinaJV.Sprint6.Task0.V7.Test\Tyuiu.AymurzinaJV.Sprint6.Task0.V7.Test.csproj", "{314F9868-AFE2-4177-9441-F9E2FEFBBE7B}"
EndProject
Project("{FAE04EC0-301F-11D3-BF4B-00C04F79EFBC}") = "Tyuiu.AymurzinaJV.Sprint6.Task0.V7", "Tyuiu.AymurzinaJV.Sprint6.Task0.V7\Tyuiu.AymurzinaJV.Sprint6.Task0.V7.csproj", "{BE8BD0FF-CDCD-4EF2-882D-6824F5F2B875}"
EndProject
Project("{2150E333-8FDC-42A3-9474-1A3956D46DE8}") = "Task1", "Task1", "{C25467AF-CE5E-4565-95ED-62F37D0747DC}"
EndProject
Project("{FAE04EC0-301F-11D3-BF4B-00C04F79EFBC}") = "Tyuiu.AymurzinaJV.Sprint6.Task1.V17.Lib", "Tyuiu.AymurzinaJV.Sprint6.Task1.V17.Lib\Tyuiu.AymurzinaJV.Sprint6.Task1.V17.Lib.csproj", "{E75D634A-1E5F-40D9-8C2F-960B0E83FD11}"
EndProject
Project("{FAE04EC0-301F-11D3-BF4B-00C04F79EFBC}") = "Tyuiu.AymurzinaJV.Sprint6.Task1.V17.Test", "Tyuiu.AymurzinaJV.Sprint6.Task1.V17.Test\Tyuiu.AymurzinaJV.Sprint6.Task1.V17.Test.csproj", "{6C527D4C-FC87-4A4E-959F-8222DDE89BFF}"
EndProject
Project("{FAE04EC0-301F-11D3-BF4B-00C04F79EFBC}") = "Tyuiu.AymurzinaJV.Sprint6.Task1.V17", "Tyuiu.AymurzinaJV.Sprint6.Task1.V17\Tyuiu.AymurzinaJV.Sprint6.Task1.V17.csproj", "{780E571A-0192-42A4-A538-12FABA7759AB}"
EndProject
Project("{2150E333-8FDC-42A3-9474-1A3956D46DE8}") = "Task2", "Task2", "{2B383ECD-A475-4845-9EF2-17D0E3641BC5}"
EndProject
Project("{FAE04EC0-301F-11D3-BF4B-00C04F79EFBC}") = "Tyuiu.AymurzinaJV.Sprint6.Task2.V8.Lib", "Tyuiu.AymurzinaJV.Sprint6.Task2.V8.Lib\Tyuiu.AymurzinaJV.Sprint6.Task2.V8.Lib.csproj", "{AC473BD6-4C48-4F2A-BA3B-4CDD36C82BAC}"
EndProject
Project("{FAE04EC0-301F-11D3-BF4B-00C04F79EFBC}") = "Tyuiu.AymurzinaJV.Sprint6.Task2.V8.Test", "Tyuiu.AymurzinaJV.Sprint6.Task2.V8.Test\Tyuiu.AymurzinaJV.Sprint6.Task2.V8.Test.csproj", "{4727B3FD-5B9D-4645-B524-67757FF231CD}"
EndProject
Project("{FAE04EC0-301F-11D3-BF4B-00C04F79EFBC}") = "Tyuiu.AymurzinaJV.Sprint6.Task2.V8", "Tyuiu.AymurzinaJV.Sprint6.Task2.V8\Tyuiu.AymurzinaJV.Sprint6.Task2.V8.csproj", "{2A80D853-0BC6-49DA-BB2F-B2BF5F1DB91D}"
EndProject
Project("{2150E333-8FDC-42A3-9474-1A3956D46DE8}") = "Task3", "Task3", "{6CE60B67-38C8-4975-B3E4-74C1C60DEBAB}"
EndProject
Project("{FAE04EC0-301F-11D3-BF4B-00C04F79EFBC}") = "Tyuiu.AymurzinaJV.Sprint6.Task3.V1", "Tyuiu.AymurzinaJV.Sprint6.Task3.V1\Tyuiu.AymurzinaJV.Sprint6.Task3.V1.csproj", "{94030699-0BAB-4937-AEB7-6E035FE92953}"
EndProject
Project("{FAE04EC0-301F-11D3-BF4B-00C04F79EFBC}") = "Tyuiu.AymurzinaJV.Sprint6.Task3.V1.Lib", "Tyuiu.AymurzinaJV.Sprint6.Task3.V1.Lib\Tyuiu.AymurzinaJV.Sprint6.Task3.V1.Lib.csproj", "{AD100F64-5305-4C2A-BB33-4051AE478A43}"
EndProject
Project("{FAE04EC0-301F-11D3-BF4B-00C04F79EFBC}") = "Tyuiu.AymurzinaJV.Sprint6.Task3.V1.Test", "Tyuiu.AymurzinaJV.Sprint6.Task3.V1.Test\Tyuiu.AymurzinaJV.Sprint6.Task3.V1.Test.csproj", "{B508DD6C-D80D-4555-9641-90B66EC60E59}"
EndProject
Project("{2150E333-8FDC-42A3-9474-1A3956D46DE8}") = "Task4", "Task4", "{F6C759BF-2995-418E-8159-7446EDEF6945}"
EndProject
Project("{FAE04EC0-301F-11D3-BF4B-00C04F79EFBC}") = "Tyuiu.AymurzinaJV.Sprint6.Task4.V28", "Tyuiu.AymurzinaJV.Sprint6.Task4.V28\Tyuiu.AymurzinaJV.Sprint6.Task4.V28.csproj", "{D0D0DF55-1F25-4D3B-BDBD-0DD40530890F}"
EndProject
Project("{FAE04EC0-301F-11D3-BF4B-00C04F79EFBC}") = "Tyuiu.AymurzinaJV.Sprint6.Task4.V28.Lib", "Tyuiu.AymurzinaJV.Sprint6.Task4.V28.Lib\Tyuiu.AymurzinaJV.Sprint6.Task4.V28.Lib.csproj", "{D39CC9D2-4BAC-406A-B11B-34042CC2B085}"
EndProject
Project("{FAE04EC0-301F-11D3-BF4B-00C04F79EFBC}") = "Tyuiu.AymurzinaJV.Sprint6.Task4.V28.Test", "Tyuiu.AymurzinaJV.Sprint6.Task4.V28.Test\Tyuiu.AymurzinaJV.Sprint6.Task4.V28.Test.csproj", "{B8F44938-DDB8-4851-94D9-4A91069EA65F}"
EndProject
Project("{2150E333-8FDC-42A3-9474-1A3956D46DE8}") = "Task5", "Task5", "{D16967A6-F540-4892-A9D7-F281DE61C010}"
EndProject
Project("{FAE04EC0-301F-11D3-BF4B-00C04F79EFBC}") = "Tyuiu.AymurzinaJV.Sprint6.Task5.V12", "Tyuiu.AymurzinaJV.Sprint6.Task5.V12\Tyuiu.AymurzinaJV.Sprint6.Task5.V12.csproj", "{F583FBC9-2983-4D78-964C-064EA0F547DE}"
EndProject
Project("{FAE04EC0-301F-11D3-BF4B-00C04F79EFBC}") = "Tyuiu.AymurzinaJV.Sprint6.Task5.V12.Lib", "Tyuiu.AymurzinaJV.Sprint6.Task5.V12.Lib\Tyuiu.AymurzinaJV.Sprint6.Task5.V12.Lib.csproj", "{E63F1698-AE89-47EB-AEA6-409778C64935}"
EndProject
Project("{FAE04EC0-301F-11D3-BF4B-00C04F79EFBC}") = "Tyuiu.AymurzinaJV.Sprint6.Task5.V12.Test", "Tyuiu.AymurzinaJV.Sprint6.Task5.V12.Test\Tyuiu.AymurzinaJV.Sprint6.Task5.V12.Test.csproj", "{B696EE26-15AE-481F-ACCE-F11493B8ECF5}"
EndProject
Project("{2150E333-8FDC-42A3-9474-1A3956D46DE8}") = "Task6", "Task6", "{79C4CBDF-752F-4F66-8FFE-9E189E086C21}"
EndProject
Project("{FAE04EC0-301F-11D3-BF4B-00C04F79EFBC}") = "Tyuiu.AymurzinaJV.Sprint6.Task6.V30", "Tyuiu.AymurzinaJV.Sprint6.Task6.V30\Tyuiu.AymurzinaJV.Sprint6.Task6.V30.csproj", "{63074514-7AAC-4E2F-A2C8-D1EC5A169F2D}"
EndProject
Project("{FAE04EC0-301F-11D3-BF4B-00C04F79EFBC}") = "Tyuiu.AymurzinaJV.Sprint6.Task6.V30.Lib", "Tyuiu.AymurzinaJV.Sprint6.Task6.V30.Lib\Tyuiu.AymurzinaJV.Sprint6.Task6.V30.Lib.csproj", "{5E683930-FC96-4376-9B0C-BA02FBA97C79}"
EndProject
Project("{FAE04EC0-301F-11D3-BF4B-00C04F79EFBC}") = "Tyuiu.AymurzinaJV.Sprint6.Task6.V30.Test", "Tyuiu.AymurzinaJV.Sprint6.Task6.V30.Test\Tyuiu.AymurzinaJV.Sprint6.Task6.V30.Test.csproj", "{F6B14612-3034-4CE9-B63B-2E4FFB0A4FE2}"
EndProject
Global
	GlobalSection(SolutionConfigurationPlatforms) = preSolution
		Debug|Any CPU = Debug|Any CPU
		Release|Any CPU = Release|Any CPU
	EndGlobalSection
	GlobalSection(ProjectConfigurationPlatforms) = postSolution
		{D7AFAA8F-6156-4439-A5E7-049BF4ECFC2D}.Debug|Any CPU.ActiveCfg = Debug|Any CPU
		{D7AFAA8F-6156-4439-A5E7-049BF4ECFC2D}.Debug|Any CPU.Build.0 = Debug|Any CPU
		{D7AFAA8F-6156-4439-A5E7-049BF4ECFC2D}.Release|Any CPU.ActiveCfg = Release|Any CPU
		{D7AFAA8F-6156-4439-A5E7-049BF4ECFC2D}.Release|Any CPU.Build.0 = Release|Any CPU
		{314F9868-AFE2-4177-9441-F9E2FEFBBE7B}.Debug|Any CPU.ActiveCfg = Debug|Any CPU
		{314F9868-AFE2-4177-9441-F9E2FEFBBE7B}.Debug|Any CPU.Build.0 = Debug|Any CPU
		{314F9868-AFE2-4177-9441-F9E2FEFBBE7B}.Release|Any CPU.ActiveCfg = Release|Any CPU
		{314F9868-AFE2-4177-9441-F9E2FEFBBE7B}.Release|Any CPU.Build.0 = Release|Any CPU
		{BE8BD0FF-CDCD-4EF2-882D-6824F5F2B875}.Debug|Any CPU.ActiveCfg = Debug|Any CPU
		{BE8BD0FF-CDCD-4EF2-882D-6824F5F2B875}.Debug|Any CPU.Build.0 = Debug|Any CPU
		{BE8BD0FF-CDCD-4EF2-882D-6824F5F2B875}.Release|Any CPU.ActiveCfg = Release|Any CPU
		{BE8BD0FF-CDCD-4EF2-882D-6824F5F2B875}.Release|Any CPU.Build.0 = Release|Any CPU
		{E75D634A-1E5F-40D9-8C2F-960B0E83FD11}.Debug|Any CPU.ActiveCfg = Debug|Any CPU
		{E75D634A-1E5F-40D9-8C2F-960B0E83FD11}.Debug|Any CPU.Build.0 = Debug|Any CPU
		{E75D634A-1E5F-40D9-8C2F-960B0E83FD11}.Release|Any CPU.ActiveCfg = Release|Any CPU
		{E75D634A-1E5F-40D9-8C2F-960B0E83FD11}.Release|Any CPU.Build.0 = Release|Any CPU
		{6C527D4C-FC87-4A4E-959F-8222DDE89BFF}.Debug|Any CPU.ActiveCfg = Debug|Any CPU
		{6C527D4C-FC87-4A4E-959F-8222DDE89BFF}.Debug|Any CPU.Build.0 = Debug|Any CPU
		{6C527D4C-FC87-4A4E-959F-8222DDE89BFF}.Release|Any CPU.ActiveCfg = Release|Any CPU
		{6C527D4C-FC87-4A4E-959F-8222DDE89BFF}.Release|Any CPU.Build.0 = Release|Any CPU
		{780E571A-0192-42A4-A538-12FABA7759AB}.Debug|Any CPU.ActiveCfg = Debug|Any CPU
		{780E571A-0192-42A4-A538-12FABA7759AB}.Debug|Any CPU.Build.0 = Debug|Any CPU
		{780E571A-0192-42A4-A538-12FABA7759AB}.Release|Any CPU.ActiveCfg = Release|Any CPU
		{780E571A-0192-42A4-A538-12FABA7759AB}.Release|Any CPU.Build.0 = Release|Any CPU
		{AC473BD6-4C48-4F2A-BA3B-4CDD36C82BAC}.Debug|Any CPU.ActiveCfg = Debug|Any CPU
		{AC473BD6-4C48-4F2A-BA3B-4CDD36C82BAC}.Debug|Any CPU.Build.0 = Debug|Any CPU
		{AC473BD6-4C48-4F2A-BA3B-4CDD36C82BAC}.Release|Any CPU.ActiveCfg = Release|Any CPU
		{AC473BD6-4C48-4F2A-BA3B-4CDD36C82BAC}.Release|Any CPU.Build.0 = Release|Any CPU
		{4727B3FD-5B9D-4645-B524-67757FF231CD}.Debug|Any CPU.ActiveCfg = Debug|Any CPU
		{4727B3FD-5B9D-4645-B524-67757FF231CD}.Debug|Any CPU.Build.0 = Debug|Any CPU
		{4727B3FD-5B9D-4645-B524-67757FF231CD}.Release|Any CPU.ActiveCfg = Release|Any CPU
		{4727B3FD-5B9D-4645-B524-67757FF231CD}.Release|Any CPU.Build.0 = Release|Any CPU
		{2A80D853-0BC6-49DA-BB2F-B2BF5F1DB91D}.Debug|Any CPU.ActiveCfg = Debug|Any CPU
		{2A80D853-0BC6-49DA-BB2F-B2BF5F1DB91D}.Debug|Any CPU.Build.0 = Debug|Any CPU
		{2A80D853-0BC6-49DA-BB2F-B2BF5F1DB91D}.Release|Any CPU.ActiveCfg = Release|Any CPU
		{2A80D853-0BC6-49DA-BB2F-B2BF5F1DB91D}.Release|Any CPU.Build.0 = Release|Any CPU
		{94030699-0BAB-4937-AEB7-6E035FE92953}.Debug|Any CPU.ActiveCfg = Debug|Any CPU
		{94030699-0BAB-4937-AEB7-6E035FE92953}.Debug|Any CPU.Build.0 = Debug|Any CPU
		{94030699-0BAB-4937-AEB7-6E035FE92953}.Release|Any CPU.ActiveCfg = Release|Any CPU
		{94030699-0BAB-4937-AEB7-6E035FE92953}.Release|Any CPU.Build.0 = Release|Any CPU
		{AD100F64-5305-4C2A-BB33-4051AE478A43}.Debug|Any CPU.ActiveCfg = Debug|Any CPU
		{AD100F64-5305-4C2A-BB33-4051AE478A43}.Debug|Any CPU.Build.0 = Debug|Any CPU
		{AD100F64-5305-4C2A-BB33-4051AE478A43}.Release|Any CPU.ActiveCfg = Release|Any CPU
		{AD100F64-5305-4C2A-BB33-4051AE478A43}.Release|Any CPU.Build.0 = Release|Any CPU
		{B508DD6C-D80D-4555-9641-90B66EC60E59}.Debug|Any CPU.ActiveCfg = Debug|Any CPU
		{B508DD6C-D80D-4555-9641-90B66EC60E59}.Debug|Any CPU.Build.0 = Debug|Any CPU
		{B508DD6C-D80D-4555-9641-90B66EC60E59}.Release|Any CPU.ActiveCfg = Release|Any CPU
		{B508DD6C-D80D-4555-9641-90B66EC60E59}.Release|Any CPU.Build.0 = Release|Any CPU
		{D0D0DF55-1F25-4D3B-BDBD-0DD40530890F}.Debug|Any CPU.ActiveCfg = Debug|Any CPU
		{D0D0DF55-1F25-4D3B-BDBD-0DD40530890F}.Debug|Any CPU.Build.0 = Debug|Any CPU
		{D0D0DF55-1F25-4D3B-BDBD-0DD40530890F}.Release|Any CPU.ActiveCfg = Release|Any CPU
		{D0D0DF55-1F25-4D3B-BDBD-0DD40530890F}.Release|Any CPU.Build.0 = Release|Any CPU
		{D39CC9D2-4BAC-406A-B11B-34042CC2B085}.Debug|Any CPU.ActiveCfg = Debug|Any CPU
		{D39CC9D2-4BAC-406A-B11B-34042CC2B085}.Debug|Any CPU.Build.0 = Debug|Any CPU
		{D39CC9D2-4BAC-406A-B11B-34042CC2B085}.Release|Any CPU.ActiveCfg = Release|Any CPU
		{D39CC9D2-4BAC-406A-B11B-34042CC2B085}.Release|Any CPU.Build.0 = Release|Any CPU
		{B8F44938-DDB8-4851-94D9-4A91069EA65F}.Debug|Any CPU.ActiveCfg = Debug|Any CPU
		{B8F44938-DDB8-4851-94D9-4A91069EA65F}.Debug|Any CPU.Build.0 = Debug|Any CPU
		{B8F44938-DDB8-4851-94D9-4A91069EA65F}.Release|Any CPU.ActiveCfg = Release|Any CPU
		{B8F44938-DDB8-4851-94D9-4A91069EA65F}.Release|Any CPU.Build.0 = Release|Any CPU
		{F583FBC9-2983-4D78-964C-064EA0F547DE}.Debug|Any CPU.ActiveCfg = Debug|Any CPU
		{F583FBC9-2983-4D78-964C-064EA0F547DE}.Debug|Any CPU.Build.0 = Debug|Any CPU
		{F583FBC9-2983-4D78-964C-064EA0F547DE}.Release|Any CPU.ActiveCfg = Release|Any CPU
		{F583FBC9-2983-4D78-964C-064EA0F547DE}.Release|Any CPU.Build.0 = Release|Any CPU
		{E63F1698-AE89-47EB-AEA6-409778C64935}.Debug|Any CPU.ActiveCfg = Debug|Any CPU
		{E63F1698-AE89-47EB-AEA6-409778C64935}.Debug|Any CPU.Build.0 = Debug|Any CPU
		{E63F1698-AE89-47EB-AEA6-409778C64935}.Release|Any CPU.ActiveCfg = Release|Any CPU
		{E63F1698-AE89-47EB-AEA6-409778C64935}.Release|Any CPU.Build.0 = Release|Any CPU
		{B696EE26-15AE-481F-ACCE-F11493B8ECF5}.Debug|Any CPU.ActiveCfg = Debug|Any CPU
		{B696EE26-15AE-481F-ACCE-F11493B8ECF5}.Debug|Any CPU.Build.0 = Debug|Any CPU
		{B696EE26-15AE-481F-ACCE-F11493B8ECF5}.Release|Any CPU.ActiveCfg = Release|Any CPU
		{B696EE26-15AE-481F-ACCE-F11493B8ECF5}.Release|Any CPU.Build.0 = Release|Any CPU
		{63074514-7AAC-4E2F-A2C8-D1EC5A169F2D}.Debug|Any CPU.ActiveCfg = Debug|Any CPU
		{63074514-7AAC-4E2F-A2C8-D1EC5A169F2D}.Debug|Any CPU.Build.0 = Debug|Any CPU
		{63074514-7AAC-4E2F-A2C8-D1EC5A169F2D}.Release|Any CPU.ActiveCfg = Release|Any CPU
		{63074514-7AAC-4E2F-A2C8-D1EC5A169F2D}.Release|Any CPU.Build.0 = Release|Any CPU
		{5E683930-FC96-4376-9B0C-BA02FBA97C79}.Debug|Any CPU.ActiveCfg = Debug|Any CPU
		{5E683930-FC96-4376-9B0C-BA02FBA97C79}.Debug|Any CPU.Build.0 = Debug|Any CPU
		{5E683930-FC96-4376-9B0C-BA02FBA97C79}.Release|Any CPU.ActiveCfg = Release|Any CPU
		{5E683930-FC96-4376-9B0C-BA02FBA97C79}.Release|Any CPU.Build.0 = Release|Any CPU
		{F6B14612-3034-4CE9-B63B-2E4FFB0A4FE2}.Debug|Any CPU.ActiveCfg = Debug|Any CPU
		{F6B14612-3034-4CE9-B63B-2E4FFB0A4FE2}.Debug|Any CPU.Build.0 = Debug|Any CPU
		{F6B14612-3034-4CE9-B63B-2E4FFB0A4FE2}.Release|Any CPU.ActiveCfg = Release|Any CPU
		{F6B14612-3034-4CE9-B63B-2E4FFB0A4FE2}.Release|Any CPU.Build.0 = Release|Any CPU
	EndGlobalSection
	GlobalSection(SolutionProperties) = preSolution
		HideSolutionNode = FALSE
	EndGlobalSection
	GlobalSection(NestedProjects) = preSolution
		{D7AFAA8F-6156-4439-A5E7-049BF4ECFC2D} = {02EA681E-C7D8-13C7-8484-4AC65E1B71E8}
		{314F9868-AFE2-4177-9441-F9E2FEFBBE7B} = {02EA681E-C7D8-13C7-8484-4AC65E1B71E8}
		{BE8BD0FF-CDCD-4EF2-882D-6824F5F2B875} = {02EA681E-C7D8-13C7-8484-4AC65E1B71E8}
		{E75D634A-1E5F-40D9-8C2F-960B0E83FD11} = {C25467AF-CE5E-4565-95ED-62F37D0747DC}
		{6C527D4C-FC87-4A4E-959F-8222DDE89BFF} = {C25467AF-CE5E-4565-95ED-62F37D0747DC}
		{780E571A-0192-42A4-A538-12FABA7759AB} = {C25467AF-CE5E-4565-95ED-62F37D0747DC}
		{AC473BD6-4C48-4F2A-BA3B-4CDD36C82BAC} = {2B383ECD-A475-4845-9EF2-17D0E3641BC5}
		{4727B3FD-5B9D-4645-B524-67757FF231CD} = {2B383ECD-A475-4845-9EF2-17D0E3641BC5}
		{2A80D853-0BC6-49DA-BB2F-B2BF5F1DB91D} = {2B383ECD-A475-4845-9EF2-17D0E3641BC5}
		{94030699-0BAB-4937-AEB7-6E035FE92953} = {6CE60B67-38C8-4975-B3E4-74C1C60DEBAB}
		{AD100F64-5305-4C2A-BB33-4051AE478A43} = {6CE60B67-38C8-4975-B3E4-74C1C60DEBAB}
		{B508DD6C-D80D-4555-9641-90B66EC60E59} = {6CE60B67-38C8-4975-B3E4-74C1C60DEBAB}
		{D0D0DF55-1F25-4D3B-BDBD-0DD40530890F} = {F6C759BF-2995-418E-8159-7446EDEF6945}
		{D39CC9D2-4BAC-406A-B11B-34042CC2B085} = {F6C759BF-2995-418E-8159-7446EDEF6945}
		{B8F44938-DDB8-4851-94D9-4A91069EA65F} = {F6C759BF-2995-418E-8159-7446EDEF6945}
		{F583FBC9-2983-4D78-964C-064EA0F547DE} = {D16967A6-F540-4892-A9D7-F281DE61C010}
		{E63F1698-AE89-47EB-AEA6-409778C64935} = {D16967A6-F540-4892-A9D7-F281DE61C010}
		{B696EE26-15AE-481F-ACCE-F11493B8ECF5} = {D16967A6-F540-4892-A9D7-F281DE61C010}
		{63074514-7AAC-4E2F-A2C8-D1EC5A169F2D} = {79C4CBDF-752F-4F66-8FFE-9E189E086C21}
		{5E683930-FC96-4376-9B0C-BA02FBA97C79} = {79C4CBDF-752F-4F66-8FFE-9E189E086C21}
		{F6B14612-3034-4CE9-B63B-2E4FFB0A4FE2} = {79C4CBDF-752F-4F66-8FFE-9E189E086C21}
	EndGlobalSection
	GlobalSection(ExtensibilityGlobals) = postSolution
		SolutionGuid = {4EC8072C-2232-4B49-A096-3E38B17523C7}
	EndGlobalSection
EndGlobal
